
Microsoft Visual Studio Solution File, Format Version 12.00
# Visual Studio 15
VisualStudioVersion = 15.0.28010.2026
MinimumVisualStudioVersion = 10.0.40219.1
Project("{FAE04EC0-301F-11D3-BF4B-00C04F79EFBC}") = "WpfCardPrinterManual", "WpfCardPrinterManual\WpfCardPrinterManual.csproj", "{7EB663FA-F3A9-4806-B39C-DE5DE9A97140}"
EndProject
Global
	GlobalSection(SolutionConfigurationPlatforms) = preSolution
		Debug|Any CPU = Debug|Any CPU
		Release|Any CPU = Release|Any CPU
	EndGlobalSection
	GlobalSection(ProjectConfigurationPlatforms) = postSolution
		{7EB663FA-F3A9-4806-B39C-DE5DE9A97140}.Debug|Any CPU.ActiveCfg = Debug|Any CPU
		{7EB663FA-F3A9-4806-B39C-DE5DE9A97140}.Debug|Any CPU.Build.0 = Debug|Any CPU
		{7EB663FA-F3A9-4806-B39C-DE5DE9A97140}.Release|Any CPU.ActiveCfg = Release|Any CPU
		{7EB663FA-F3A9-4806-B39C-DE5DE9A97140}.Release|Any CPU.Build.0 = Release|Any CPU
	EndGlobalSection
	GlobalSection(SolutionProperties) = preSolution
		HideSolutionNode = FALSE
	EndGlobalSection
	GlobalSection(ExtensibilityGlobals) = postSolution
		SolutionGuid = {C8B9272D-89AA-419C-B496-39046D8C3FFB}
	EndGlobalSection
EndGlobal
