
Microsoft Visual Studio Solution File, Format Version 12.00
# Visual Studio 2013
VisualStudioVersion = 12.0.21005.1
MinimumVisualStudioVersion = 10.0.40219.1
Project("{FAE04EC0-301F-11D3-BF4B-00C04F79EFBC}") = "WpfQualityCertPrinter", "WpfQualityCertPrinter\WpfQualityCertPrinter.csproj", "{24BBF653-EA9F-48AE-8652-0BC1C21A1892}"
EndProject
Project("{6141683F-8A12-4E36-9623-2EB02B2C2303}") = "Setup", "Setup\Setup.isproj", "{E38FE353-893F-41C6-B6C4-4EDB831F631C}"
EndProject
Global
	GlobalSection(SolutionConfigurationPlatforms) = preSolution
		CD_ROM|Any CPU = CD_ROM|Any CPU
		CD_ROM|x86 = CD_ROM|x86
		Debug|Any CPU = Debug|Any CPU
		Debug|x86 = Debug|x86
		DVD-5|Any CPU = DVD-5|Any CPU
		DVD-5|x86 = DVD-5|x86
		Release|Any CPU = Release|Any CPU
		Release|x86 = Release|x86
		SingleImage|Any CPU = SingleImage|Any CPU
		SingleImage|x86 = SingleImage|x86
	EndGlobalSection
	GlobalSection(ProjectConfigurationPlatforms) = postSolution
		{24BBF653-EA9F-48AE-8652-0BC1C21A1892}.CD_ROM|Any CPU.ActiveCfg = Release|Any CPU
		{24BBF653-EA9F-48AE-8652-0BC1C21A1892}.CD_ROM|Any CPU.Build.0 = Release|Any CPU
		{24BBF653-EA9F-48AE-8652-0BC1C21A1892}.CD_ROM|x86.ActiveCfg = Release|x86
		{24BBF653-EA9F-48AE-8652-0BC1C21A1892}.CD_ROM|x86.Build.0 = Release|x86
		{24BBF653-EA9F-48AE-8652-0BC1C21A1892}.Debug|Any CPU.ActiveCfg = Debug|Any CPU
		{24BBF653-EA9F-48AE-8652-0BC1C21A1892}.Debug|Any CPU.Build.0 = Debug|Any CPU
		{24BBF653-EA9F-48AE-8652-0BC1C21A1892}.Debug|x86.ActiveCfg = Debug|x86
		{24BBF653-EA9F-48AE-8652-0BC1C21A1892}.Debug|x86.Build.0 = Debug|x86
		{24BBF653-EA9F-48AE-8652-0BC1C21A1892}.DVD-5|Any CPU.ActiveCfg = Debug|Any CPU
		{24BBF653-EA9F-48AE-8652-0BC1C21A1892}.DVD-5|Any CPU.Build.0 = Debug|Any CPU
		{24BBF653-EA9F-48AE-8652-0BC1C21A1892}.DVD-5|x86.ActiveCfg = Debug|x86
		{24BBF653-EA9F-48AE-8652-0BC1C21A1892}.DVD-5|x86.Build.0 = Debug|x86
		{24BBF653-EA9F-48AE-8652-0BC1C21A1892}.Release|Any CPU.ActiveCfg = Release|Any CPU
		{24BBF653-EA9F-48AE-8652-0BC1C21A1892}.Release|Any CPU.Build.0 = Release|Any CPU
		{24BBF653-EA9F-48AE-8652-0BC1C21A1892}.Release|x86.ActiveCfg = Release|x86
		{24BBF653-EA9F-48AE-8652-0BC1C21A1892}.Release|x86.Build.0 = Release|x86
		{24BBF653-EA9F-48AE-8652-0BC1C21A1892}.SingleImage|Any CPU.ActiveCfg = Release|Any CPU
		{24BBF653-EA9F-48AE-8652-0BC1C21A1892}.SingleImage|Any CPU.Build.0 = Release|Any CPU
		{24BBF653-EA9F-48AE-8652-0BC1C21A1892}.SingleImage|x86.ActiveCfg = Release|x86
		{24BBF653-EA9F-48AE-8652-0BC1C21A1892}.SingleImage|x86.Build.0 = Release|x86
		{E38FE353-893F-41C6-B6C4-4EDB831F631C}.CD_ROM|Any CPU.ActiveCfg = CD_ROM
		{E38FE353-893F-41C6-B6C4-4EDB831F631C}.CD_ROM|Any CPU.Build.0 = CD_ROM
		{E38FE353-893F-41C6-B6C4-4EDB831F631C}.CD_ROM|x86.ActiveCfg = CD_ROM
		{E38FE353-893F-41C6-B6C4-4EDB831F631C}.CD_ROM|x86.Build.0 = CD_ROM
		{E38FE353-893F-41C6-B6C4-4EDB831F631C}.Debug|Any CPU.ActiveCfg = DVD-5
		{E38FE353-893F-41C6-B6C4-4EDB831F631C}.Debug|Any CPU.Build.0 = DVD-5
		{E38FE353-893F-41C6-B6C4-4EDB831F631C}.Debug|x86.ActiveCfg = DVD-5
		{E38FE353-893F-41C6-B6C4-4EDB831F631C}.Debug|x86.Build.0 = DVD-5
		{E38FE353-893F-41C6-B6C4-4EDB831F631C}.DVD-5|Any CPU.ActiveCfg = DVD-5
		{E38FE353-893F-41C6-B6C4-4EDB831F631C}.DVD-5|Any CPU.Build.0 = DVD-5
		{E38FE353-893F-41C6-B6C4-4EDB831F631C}.DVD-5|x86.ActiveCfg = DVD-5
		{E38FE353-893F-41C6-B6C4-4EDB831F631C}.DVD-5|x86.Build.0 = DVD-5
		{E38FE353-893F-41C6-B6C4-4EDB831F631C}.Release|Any CPU.ActiveCfg = SingleImage
		{E38FE353-893F-41C6-B6C4-4EDB831F631C}.Release|Any CPU.Build.0 = SingleImage
		{E38FE353-893F-41C6-B6C4-4EDB831F631C}.Release|x86.ActiveCfg = SingleImage
		{E38FE353-893F-41C6-B6C4-4EDB831F631C}.Release|x86.Build.0 = SingleImage
		{E38FE353-893F-41C6-B6C4-4EDB831F631C}.SingleImage|Any CPU.ActiveCfg = SingleImage
		{E38FE353-893F-41C6-B6C4-4EDB831F631C}.SingleImage|Any CPU.Build.0 = SingleImage
		{E38FE353-893F-41C6-B6C4-4EDB831F631C}.SingleImage|x86.ActiveCfg = SingleImage
		{E38FE353-893F-41C6-B6C4-4EDB831F631C}.SingleImage|x86.Build.0 = SingleImage
	EndGlobalSection
	GlobalSection(SolutionProperties) = preSolution
		HideSolutionNode = FALSE
	EndGlobalSection
	GlobalSection(ExtensibilityGlobals) = postSolution
		SolutionGuid = {8F409CCC-5E55-4EF1-99B6-C9FE144E0132}
	EndGlobalSection
EndGlobal
