
Microsoft Visual Studio Solution File, Format Version 12.00
# Visual Studio 15
VisualStudioVersion = 15.0.27004.2009
MinimumVisualStudioVersion = 10.0.40219.1
Project("{9A19103F-16F7-4668-BE54-9A1E7A4F7556}") = "WarrantyManage", "WebSite\WarrantyManage.csproj", "{9FCEB3DB-9F36-4F9A-A8CF-1F3FAD17C177}"
EndProject
Project("{9A19103F-16F7-4668-BE54-9A1E7A4F7556}") = "DataLibrary", "Libs\DataLibrary\DataLibrary.csproj", "{94CD6785-56CC-4735-81E9-F0E1760828AE}"
EndProject
Project("{9A19103F-16F7-4668-BE54-9A1E7A4F7556}") = "Util", "Libs\Tools\Util.csproj", "{A05A4126-6B1D-40F9-8404-B7573E2C2987}"
EndProject
Project("{9A19103F-16F7-4668-BE54-9A1E7A4F7556}") = "Common", "Libs\Common\Common.csproj", "{3943D0AE-595A-4430-8E34-6A1E2D030716}"
EndProject
Project("{9A19103F-16F7-4668-BE54-9A1E7A4F7556}") = "WarrantyEnterpriseMobileStation", "WapSite\WarrantyEnterpriseMobileStation.csproj", "{05FDDE19-7EC7-4203-BC3F-555BAEA536FA}"
EndProject
Project("{9A19103F-16F7-4668-BE54-9A1E7A4F7556}") = "Models", "Libs\Models\Models.csproj", "{73B59B02-957A-41C9-8E68-DBEA19003DD9}"
EndProject
Project("{9A19103F-16F7-4668-BE54-9A1E7A4F7556}") = "WarrantyApiCenter", "ApiCenter\WarrantyApiCenter.csproj", "{BC882ECA-58F7-4E1E-8CCA-D4EA8735348C}"
EndProject
Project("{2150E333-8FDC-42A3-9474-1A3956D46DE8}") = "Libs", "Libs", "{AD0DA707-8FFE-4128-95AB-5C00DA965141}"
EndProject
Project("{2150E333-8FDC-42A3-9474-1A3956D46DE8}") = "UnitTest", "UnitTest", "{3C9FD009-FD4C-408C-81CE-044F61348D21}"
EndProject
Project("{FAE04EC0-301F-11D3-BF4B-00C04F79EFBC}") = "ServiceXUnit.Test", "UnitTest\ServiceXUnit.Test\ServiceXUnit.Test.csproj", "{6C2087B5-2390-49B2-B504-29F9022EBB2A}"
EndProject
Global
	GlobalSection(SolutionConfigurationPlatforms) = preSolution
		Debug|Any CPU = Debug|Any CPU
		Release|Any CPU = Release|Any CPU
	EndGlobalSection
	GlobalSection(ProjectConfigurationPlatforms) = postSolution
		{9FCEB3DB-9F36-4F9A-A8CF-1F3FAD17C177}.Debug|Any CPU.ActiveCfg = Debug|Any CPU
		{9FCEB3DB-9F36-4F9A-A8CF-1F3FAD17C177}.Debug|Any CPU.Build.0 = Debug|Any CPU
		{9FCEB3DB-9F36-4F9A-A8CF-1F3FAD17C177}.Release|Any CPU.ActiveCfg = Release|Any CPU
		{9FCEB3DB-9F36-4F9A-A8CF-1F3FAD17C177}.Release|Any CPU.Build.0 = Release|Any CPU
		{94CD6785-56CC-4735-81E9-F0E1760828AE}.Debug|Any CPU.ActiveCfg = Debug|Any CPU
		{94CD6785-56CC-4735-81E9-F0E1760828AE}.Debug|Any CPU.Build.0 = Debug|Any CPU
		{94CD6785-56CC-4735-81E9-F0E1760828AE}.Release|Any CPU.ActiveCfg = Release|Any CPU
		{94CD6785-56CC-4735-81E9-F0E1760828AE}.Release|Any CPU.Build.0 = Release|Any CPU
		{A05A4126-6B1D-40F9-8404-B7573E2C2987}.Debug|Any CPU.ActiveCfg = Debug|Any CPU
		{A05A4126-6B1D-40F9-8404-B7573E2C2987}.Debug|Any CPU.Build.0 = Debug|Any CPU
		{A05A4126-6B1D-40F9-8404-B7573E2C2987}.Release|Any CPU.ActiveCfg = Release|Any CPU
		{A05A4126-6B1D-40F9-8404-B7573E2C2987}.Release|Any CPU.Build.0 = Release|Any CPU
		{3943D0AE-595A-4430-8E34-6A1E2D030716}.Debug|Any CPU.ActiveCfg = Debug|Any CPU
		{3943D0AE-595A-4430-8E34-6A1E2D030716}.Debug|Any CPU.Build.0 = Debug|Any CPU
		{3943D0AE-595A-4430-8E34-6A1E2D030716}.Release|Any CPU.ActiveCfg = Release|Any CPU
		{3943D0AE-595A-4430-8E34-6A1E2D030716}.Release|Any CPU.Build.0 = Release|Any CPU
		{05FDDE19-7EC7-4203-BC3F-555BAEA536FA}.Debug|Any CPU.ActiveCfg = Debug|Any CPU
		{05FDDE19-7EC7-4203-BC3F-555BAEA536FA}.Debug|Any CPU.Build.0 = Debug|Any CPU
		{05FDDE19-7EC7-4203-BC3F-555BAEA536FA}.Release|Any CPU.ActiveCfg = Release|Any CPU
		{05FDDE19-7EC7-4203-BC3F-555BAEA536FA}.Release|Any CPU.Build.0 = Release|Any CPU
		{73B59B02-957A-41C9-8E68-DBEA19003DD9}.Debug|Any CPU.ActiveCfg = Debug|Any CPU
		{73B59B02-957A-41C9-8E68-DBEA19003DD9}.Debug|Any CPU.Build.0 = Debug|Any CPU
		{73B59B02-957A-41C9-8E68-DBEA19003DD9}.Release|Any CPU.ActiveCfg = Release|Any CPU
		{73B59B02-957A-41C9-8E68-DBEA19003DD9}.Release|Any CPU.Build.0 = Release|Any CPU
		{BC882ECA-58F7-4E1E-8CCA-D4EA8735348C}.Debug|Any CPU.ActiveCfg = Debug|Any CPU
		{BC882ECA-58F7-4E1E-8CCA-D4EA8735348C}.Debug|Any CPU.Build.0 = Debug|Any CPU
		{BC882ECA-58F7-4E1E-8CCA-D4EA8735348C}.Release|Any CPU.ActiveCfg = Release|Any CPU
		{BC882ECA-58F7-4E1E-8CCA-D4EA8735348C}.Release|Any CPU.Build.0 = Release|Any CPU
		{6C2087B5-2390-49B2-B504-29F9022EBB2A}.Debug|Any CPU.ActiveCfg = Debug|Any CPU
		{6C2087B5-2390-49B2-B504-29F9022EBB2A}.Debug|Any CPU.Build.0 = Debug|Any CPU
		{6C2087B5-2390-49B2-B504-29F9022EBB2A}.Release|Any CPU.ActiveCfg = Release|Any CPU
		{6C2087B5-2390-49B2-B504-29F9022EBB2A}.Release|Any CPU.Build.0 = Release|Any CPU
	EndGlobalSection
	GlobalSection(SolutionProperties) = preSolution
		HideSolutionNode = FALSE
	EndGlobalSection
	GlobalSection(NestedProjects) = preSolution
		{94CD6785-56CC-4735-81E9-F0E1760828AE} = {AD0DA707-8FFE-4128-95AB-5C00DA965141}
		{A05A4126-6B1D-40F9-8404-B7573E2C2987} = {AD0DA707-8FFE-4128-95AB-5C00DA965141}
		{3943D0AE-595A-4430-8E34-6A1E2D030716} = {AD0DA707-8FFE-4128-95AB-5C00DA965141}
		{73B59B02-957A-41C9-8E68-DBEA19003DD9} = {AD0DA707-8FFE-4128-95AB-5C00DA965141}
		{6C2087B5-2390-49B2-B504-29F9022EBB2A} = {3C9FD009-FD4C-408C-81CE-044F61348D21}
	EndGlobalSection
	GlobalSection(ExtensibilityGlobals) = postSolution
		VisualSVNWorkingCopyRoot = .
		SolutionGuid = {38EAD159-74D8-4EAB-B2B1-28BC804692D3}
	EndGlobalSection
EndGlobal
